
Microsoft Visual Studio Solution File, Format Version 12.00
# Visual Studio 2013
VisualStudioVersion = 12.0.30723.0
MinimumVisualStudioVersion = 10.0.40219.1
Project("{FAE04EC0-301F-11D3-BF4B-00C04F79EFBC}") = "StockBandit.Service", "StockBandit.Service\StockBandit.Service.csproj", "{9C75355A-31EF-4005-80E1-302FC6275F4E}"
EndProject
Project("{FAE04EC0-301F-11D3-BF4B-00C04F79EFBC}") = "StockBandit.Console", "StockBandit.Console\StockBandit.Console.csproj", "{94C6C051-7560-415C-9A66-B345CFF4AD93}"
EndProject
Project("{FAE04EC0-301F-11D3-BF4B-00C04F79EFBC}") = "StockBandit.Server", "StockBandit.Server\StockBandit.Server.csproj", "{D69F953C-CC2E-4DEA-925C-6B50D8B16C5C}"
EndProject
Project("{FAE04EC0-301F-11D3-BF4B-00C04F79EFBC}") = "StockBandit.Model", "StockBandit.Model\StockBandit.Model.csproj", "{0AAA53A2-F956-40E6-9D8F-376678A1C398}"
EndProject
Project("{FAE04EC0-301F-11D3-BF4B-00C04F79EFBC}") = "StockBandit.Client.Console", "StockBandit.Client.Console\StockBandit.Client.Console.csproj", "{DD93557A-BC5B-4FCC-9B19-13C62A688954}"
EndProject
Project("{2150E333-8FDC-42A3-9474-1A3956D46DE8}") = "Solution Items", "Solution Items", "{87F795DA-3508-4909-AE91-98BB3C58CC17}"
	ProjectSection(SolutionItems) = preProject
		GlobalAssemblyInfo.cs = GlobalAssemblyInfo.cs
		ReadMe.txt = ReadMe.txt
	EndProjectSection
EndProject
Project("{930C7802-8A8C-48F9-8165-68863BCCD9DD}") = "StockBandit.Service.Setup", "StockBandit.Service.Setup\StockBandit.Service.Setup.wixproj", "{0FDC5AF1-D12C-4E28-B5D7-BE4286F08EEF}"
EndProject
Global
	GlobalSection(SolutionConfigurationPlatforms) = preSolution
		Debug|Any CPU = Debug|Any CPU
		Debug|Mixed Platforms = Debug|Mixed Platforms
		Debug|x64 = Debug|x64
		Debug|x86 = Debug|x86
		Release|Any CPU = Release|Any CPU
		Release|Mixed Platforms = Release|Mixed Platforms
		Release|x64 = Release|x64
		Release|x86 = Release|x86
	EndGlobalSection
	GlobalSection(ProjectConfigurationPlatforms) = postSolution
		{9C75355A-31EF-4005-80E1-302FC6275F4E}.Debug|Any CPU.ActiveCfg = Debug|x86
		{9C75355A-31EF-4005-80E1-302FC6275F4E}.Debug|Any CPU.Build.0 = Debug|x86
		{9C75355A-31EF-4005-80E1-302FC6275F4E}.Debug|Mixed Platforms.ActiveCfg = Debug|x86
		{9C75355A-31EF-4005-80E1-302FC6275F4E}.Debug|Mixed Platforms.Build.0 = Debug|x86
		{9C75355A-31EF-4005-80E1-302FC6275F4E}.Debug|x64.ActiveCfg = Debug|x64
		{9C75355A-31EF-4005-80E1-302FC6275F4E}.Debug|x64.Build.0 = Debug|x64
		{9C75355A-31EF-4005-80E1-302FC6275F4E}.Debug|x86.ActiveCfg = Debug|x86
		{9C75355A-31EF-4005-80E1-302FC6275F4E}.Debug|x86.Build.0 = Debug|x86
		{9C75355A-31EF-4005-80E1-302FC6275F4E}.Release|Any CPU.ActiveCfg = Release|x86
		{9C75355A-31EF-4005-80E1-302FC6275F4E}.Release|Any CPU.Build.0 = Release|x86
		{9C75355A-31EF-4005-80E1-302FC6275F4E}.Release|Mixed Platforms.ActiveCfg = Release|x86
		{9C75355A-31EF-4005-80E1-302FC6275F4E}.Release|Mixed Platforms.Build.0 = Release|x86
		{9C75355A-31EF-4005-80E1-302FC6275F4E}.Release|x64.ActiveCfg = Release|x64
		{9C75355A-31EF-4005-80E1-302FC6275F4E}.Release|x64.Build.0 = Release|x64
		{9C75355A-31EF-4005-80E1-302FC6275F4E}.Release|x86.ActiveCfg = Release|x86
		{9C75355A-31EF-4005-80E1-302FC6275F4E}.Release|x86.Build.0 = Release|x86
		{94C6C051-7560-415C-9A66-B345CFF4AD93}.Debug|Any CPU.ActiveCfg = Debug|x86
		{94C6C051-7560-415C-9A66-B345CFF4AD93}.Debug|Any CPU.Build.0 = Debug|x86
		{94C6C051-7560-415C-9A66-B345CFF4AD93}.Debug|Mixed Platforms.ActiveCfg = Debug|x86
		{94C6C051-7560-415C-9A66-B345CFF4AD93}.Debug|Mixed Platforms.Build.0 = Debug|x86
		{94C6C051-7560-415C-9A66-B345CFF4AD93}.Debug|x64.ActiveCfg = Debug|x64
		{94C6C051-7560-415C-9A66-B345CFF4AD93}.Debug|x64.Build.0 = Debug|x64
		{94C6C051-7560-415C-9A66-B345CFF4AD93}.Debug|x86.ActiveCfg = Debug|x86
		{94C6C051-7560-415C-9A66-B345CFF4AD93}.Debug|x86.Build.0 = Debug|x86
		{94C6C051-7560-415C-9A66-B345CFF4AD93}.Release|Any CPU.ActiveCfg = Release|x86
		{94C6C051-7560-415C-9A66-B345CFF4AD93}.Release|Any CPU.Build.0 = Release|x86
		{94C6C051-7560-415C-9A66-B345CFF4AD93}.Release|Mixed Platforms.ActiveCfg = Release|x86
		{94C6C051-7560-415C-9A66-B345CFF4AD93}.Release|Mixed Platforms.Build.0 = Release|x86
		{94C6C051-7560-415C-9A66-B345CFF4AD93}.Release|x64.ActiveCfg = Release|x64
		{94C6C051-7560-415C-9A66-B345CFF4AD93}.Release|x64.Build.0 = Release|x64
		{94C6C051-7560-415C-9A66-B345CFF4AD93}.Release|x86.ActiveCfg = Release|x86
		{94C6C051-7560-415C-9A66-B345CFF4AD93}.Release|x86.Build.0 = Release|x86
		{D69F953C-CC2E-4DEA-925C-6B50D8B16C5C}.Debug|Any CPU.ActiveCfg = Debug|Any CPU
		{D69F953C-CC2E-4DEA-925C-6B50D8B16C5C}.Debug|Any CPU.Build.0 = Debug|Any CPU
		{D69F953C-CC2E-4DEA-925C-6B50D8B16C5C}.Debug|Mixed Platforms.ActiveCfg = Debug|Any CPU
		{D69F953C-CC2E-4DEA-925C-6B50D8B16C5C}.Debug|Mixed Platforms.Build.0 = Debug|Any CPU
		{D69F953C-CC2E-4DEA-925C-6B50D8B16C5C}.Debug|x64.ActiveCfg = Debug|x64
		{D69F953C-CC2E-4DEA-925C-6B50D8B16C5C}.Debug|x64.Build.0 = Debug|x64
		{D69F953C-CC2E-4DEA-925C-6B50D8B16C5C}.Debug|x86.ActiveCfg = Debug|Any CPU
		{D69F953C-CC2E-4DEA-925C-6B50D8B16C5C}.Release|Any CPU.ActiveCfg = Release|Any CPU
		{D69F953C-CC2E-4DEA-925C-6B50D8B16C5C}.Release|Any CPU.Build.0 = Release|Any CPU
		{D69F953C-CC2E-4DEA-925C-6B50D8B16C5C}.Release|Mixed Platforms.ActiveCfg = Release|Any CPU
		{D69F953C-CC2E-4DEA-925C-6B50D8B16C5C}.Release|Mixed Platforms.Build.0 = Release|Any CPU
		{D69F953C-CC2E-4DEA-925C-6B50D8B16C5C}.Release|x64.ActiveCfg = Release|x64
		{D69F953C-CC2E-4DEA-925C-6B50D8B16C5C}.Release|x64.Build.0 = Release|x64
		{D69F953C-CC2E-4DEA-925C-6B50D8B16C5C}.Release|x86.ActiveCfg = Release|Any CPU
		{0AAA53A2-F956-40E6-9D8F-376678A1C398}.Debug|Any CPU.ActiveCfg = Debug|Any CPU
		{0AAA53A2-F956-40E6-9D8F-376678A1C398}.Debug|Any CPU.Build.0 = Debug|Any CPU
		{0AAA53A2-F956-40E6-9D8F-376678A1C398}.Debug|Mixed Platforms.ActiveCfg = Debug|Any CPU
		{0AAA53A2-F956-40E6-9D8F-376678A1C398}.Debug|Mixed Platforms.Build.0 = Debug|Any CPU
		{0AAA53A2-F956-40E6-9D8F-376678A1C398}.Debug|x64.ActiveCfg = Debug|x64
		{0AAA53A2-F956-40E6-9D8F-376678A1C398}.Debug|x64.Build.0 = Debug|x64
		{0AAA53A2-F956-40E6-9D8F-376678A1C398}.Debug|x86.ActiveCfg = Debug|Any CPU
		{0AAA53A2-F956-40E6-9D8F-376678A1C398}.Release|Any CPU.ActiveCfg = Release|Any CPU
		{0AAA53A2-F956-40E6-9D8F-376678A1C398}.Release|Any CPU.Build.0 = Release|Any CPU
		{0AAA53A2-F956-40E6-9D8F-376678A1C398}.Release|Mixed Platforms.ActiveCfg = Release|Any CPU
		{0AAA53A2-F956-40E6-9D8F-376678A1C398}.Release|Mixed Platforms.Build.0 = Release|Any CPU
		{0AAA53A2-F956-40E6-9D8F-376678A1C398}.Release|x64.ActiveCfg = Release|x64
		{0AAA53A2-F956-40E6-9D8F-376678A1C398}.Release|x64.Build.0 = Release|x64
		{0AAA53A2-F956-40E6-9D8F-376678A1C398}.Release|x86.ActiveCfg = Release|Any CPU
		{DD93557A-BC5B-4FCC-9B19-13C62A688954}.Debug|Any CPU.ActiveCfg = Debug|x86
		{DD93557A-BC5B-4FCC-9B19-13C62A688954}.Debug|Any CPU.Build.0 = Debug|x86
		{DD93557A-BC5B-4FCC-9B19-13C62A688954}.Debug|Mixed Platforms.ActiveCfg = Debug|x86
		{DD93557A-BC5B-4FCC-9B19-13C62A688954}.Debug|Mixed Platforms.Build.0 = Debug|x86
		{DD93557A-BC5B-4FCC-9B19-13C62A688954}.Debug|x64.ActiveCfg = Debug|x64
		{DD93557A-BC5B-4FCC-9B19-13C62A688954}.Debug|x64.Build.0 = Debug|x64
		{DD93557A-BC5B-4FCC-9B19-13C62A688954}.Debug|x86.ActiveCfg = Debug|x86
		{DD93557A-BC5B-4FCC-9B19-13C62A688954}.Debug|x86.Build.0 = Debug|x86
		{DD93557A-BC5B-4FCC-9B19-13C62A688954}.Release|Any CPU.ActiveCfg = Release|x86
		{DD93557A-BC5B-4FCC-9B19-13C62A688954}.Release|Any CPU.Build.0 = Release|x86
		{DD93557A-BC5B-4FCC-9B19-13C62A688954}.Release|Mixed Platforms.ActiveCfg = Release|x86
		{DD93557A-BC5B-4FCC-9B19-13C62A688954}.Release|Mixed Platforms.Build.0 = Release|x86
		{DD93557A-BC5B-4FCC-9B19-13C62A688954}.Release|x64.ActiveCfg = Release|x64
		{DD93557A-BC5B-4FCC-9B19-13C62A688954}.Release|x64.Build.0 = Release|x64
		{DD93557A-BC5B-4FCC-9B19-13C62A688954}.Release|x86.ActiveCfg = Release|x86
		{DD93557A-BC5B-4FCC-9B19-13C62A688954}.Release|x86.Build.0 = Release|x86
		{0FDC5AF1-D12C-4E28-B5D7-BE4286F08EEF}.Debug|Any CPU.ActiveCfg = Debug|x86
		{0FDC5AF1-D12C-4E28-B5D7-BE4286F08EEF}.Debug|Mixed Platforms.ActiveCfg = Debug|x86
		{0FDC5AF1-D12C-4E28-B5D7-BE4286F08EEF}.Debug|Mixed Platforms.Build.0 = Debug|x86
		{0FDC5AF1-D12C-4E28-B5D7-BE4286F08EEF}.Debug|x64.ActiveCfg = Debug|x86
		{0FDC5AF1-D12C-4E28-B5D7-BE4286F08EEF}.Debug|x86.ActiveCfg = Debug|x86
		{0FDC5AF1-D12C-4E28-B5D7-BE4286F08EEF}.Debug|x86.Build.0 = Debug|x86
		{0FDC5AF1-D12C-4E28-B5D7-BE4286F08EEF}.Release|Any CPU.ActiveCfg = Release|x86
		{0FDC5AF1-D12C-4E28-B5D7-BE4286F08EEF}.Release|Mixed Platforms.ActiveCfg = Release|x86
		{0FDC5AF1-D12C-4E28-B5D7-BE4286F08EEF}.Release|Mixed Platforms.Build.0 = Release|x86
		{0FDC5AF1-D12C-4E28-B5D7-BE4286F08EEF}.Release|x64.ActiveCfg = Release|x64
		{0FDC5AF1-D12C-4E28-B5D7-BE4286F08EEF}.Release|x64.Build.0 = Release|x64
		{0FDC5AF1-D12C-4E28-B5D7-BE4286F08EEF}.Release|x86.ActiveCfg = Release|x86
		{0FDC5AF1-D12C-4E28-B5D7-BE4286F08EEF}.Release|x86.Build.0 = Release|x86
	EndGlobalSection
	GlobalSection(SolutionProperties) = preSolution
		HideSolutionNode = FALSE
	EndGlobalSection
EndGlobal
